
Microsoft Visual Studio Solution File, Format Version 12.00
# Visual Studio Version 16
VisualStudioVersion = 16.0.30413.136
MinimumVisualStudioVersion = 10.0.40219.1
Project("{FAE04EC0-301F-11D3-BF4B-00C04F79EFBC}") = "Shortener", "Shortener\Shortener.csproj", "{B448F1DA-3B6F-4F41-82FA-E2EBA292CF40}"
EndProject
Global
	GlobalSection(SolutionConfigurationPlatforms) = preSolution
		Debug|Any CPU = Debug|Any CPU
		Release|Any CPU = Release|Any CPU
	EndGlobalSection
	GlobalSection(ProjectConfigurationPlatforms) = postSolution
		{B448F1DA-3B6F-4F41-82FA-E2EBA292CF40}.Debug|Any CPU.ActiveCfg = Debug|Any CPU
		{B448F1DA-3B6F-4F41-82FA-E2EBA292CF40}.Debug|Any CPU.Build.0 = Debug|Any CPU
		{B448F1DA-3B6F-4F41-82FA-E2EBA292CF40}.Release|Any CPU.ActiveCfg = Release|Any CPU
		{B448F1DA-3B6F-4F41-82FA-E2EBA292CF40}.Release|Any CPU.Build.0 = Release|Any CPU
	EndGlobalSection
	GlobalSection(SolutionProperties) = preSolution
		HideSolutionNode = FALSE
	EndGlobalSection
	GlobalSection(ExtensibilityGlobals) = postSolution
		SolutionGuid = {DB006B56-2837-4C4A-913D-B52E7BC4E691}
	EndGlobalSection
EndGlobal
